
Microsoft Visual Studio Solution File, Format Version 12.00
Project("{FAE04EC0-301F-11D3-BF4B-00C04F79EFBC}") = "BusinessLogic", "BusinessLogic\BusinessLogic.csproj", "{F9C163D2-210D-44F4-BEB3-5C4F4BB137FC}"
EndProject
Project("{FAE04EC0-301F-11D3-BF4B-00C04F79EFBC}") = "DataAccess", "DataAccess\DataAccess.csproj", "{DD501437-54EE-459A-908F-1310D33DDEA2}"
EndProject
Project("{FAE04EC0-301F-11D3-BF4B-00C04F79EFBC}") = "Api", "Api\Api.csproj", "{9638CE2A-DBB4-42F7-BF9C-F763C2D44275}"
EndProject
Project("{FAE04EC0-301F-11D3-BF4B-00C04F79EFBC}") = "Transversal", "Transversal\Transversal.csproj", "{455AFCB9-F973-4FD4-924A-69822D572425}"
EndProject
Global
	GlobalSection(SolutionConfigurationPlatforms) = preSolution
		Debug|Any CPU = Debug|Any CPU
		Release|Any CPU = Release|Any CPU
	EndGlobalSection
	GlobalSection(ProjectConfigurationPlatforms) = postSolution
		{F9C163D2-210D-44F4-BEB3-5C4F4BB137FC}.Debug|Any CPU.ActiveCfg = Debug|Any CPU
		{F9C163D2-210D-44F4-BEB3-5C4F4BB137FC}.Debug|Any CPU.Build.0 = Debug|Any CPU
		{F9C163D2-210D-44F4-BEB3-5C4F4BB137FC}.Release|Any CPU.ActiveCfg = Release|Any CPU
		{F9C163D2-210D-44F4-BEB3-5C4F4BB137FC}.Release|Any CPU.Build.0 = Release|Any CPU
		{DD501437-54EE-459A-908F-1310D33DDEA2}.Debug|Any CPU.ActiveCfg = Debug|Any CPU
		{DD501437-54EE-459A-908F-1310D33DDEA2}.Debug|Any CPU.Build.0 = Debug|Any CPU
		{DD501437-54EE-459A-908F-1310D33DDEA2}.Release|Any CPU.ActiveCfg = Release|Any CPU
		{DD501437-54EE-459A-908F-1310D33DDEA2}.Release|Any CPU.Build.0 = Release|Any CPU
		{9638CE2A-DBB4-42F7-BF9C-F763C2D44275}.Debug|Any CPU.ActiveCfg = Debug|Any CPU
		{9638CE2A-DBB4-42F7-BF9C-F763C2D44275}.Debug|Any CPU.Build.0 = Debug|Any CPU
		{9638CE2A-DBB4-42F7-BF9C-F763C2D44275}.Release|Any CPU.ActiveCfg = Release|Any CPU
		{9638CE2A-DBB4-42F7-BF9C-F763C2D44275}.Release|Any CPU.Build.0 = Release|Any CPU
		{455AFCB9-F973-4FD4-924A-69822D572425}.Debug|Any CPU.ActiveCfg = Debug|Any CPU
		{455AFCB9-F973-4FD4-924A-69822D572425}.Debug|Any CPU.Build.0 = Debug|Any CPU
		{455AFCB9-F973-4FD4-924A-69822D572425}.Release|Any CPU.ActiveCfg = Release|Any CPU
		{455AFCB9-F973-4FD4-924A-69822D572425}.Release|Any CPU.Build.0 = Release|Any CPU
	EndGlobalSection
EndGlobal
